
Microsoft Visual Studio Solution File, Format Version 12.00
# Visual Studio Version 17
VisualStudioVersion = 17.13.35818.85 d17.13
MinimumVisualStudioVersion = 10.0.40219.1
Project("{FAE04EC0-301F-11D3-BF4B-00C04F79EFBC}") = "Refuge.API", "Refuge.API\Refuge.API.csproj", "{DDCF86D9-4286-4530-846E-73B0DD1B6EC0}"
EndProject
Global
	GlobalSection(SolutionConfigurationPlatforms) = preSolution
		Debug|Any CPU = Debug|Any CPU
		Release|Any CPU = Release|Any CPU
	EndGlobalSection
	GlobalSection(ProjectConfigurationPlatforms) = postSolution
		{DDCF86D9-4286-4530-846E-73B0DD1B6EC0}.Debug|Any CPU.ActiveCfg = Debug|Any CPU
		{DDCF86D9-4286-4530-846E-73B0DD1B6EC0}.Debug|Any CPU.Build.0 = Debug|Any CPU
		{DDCF86D9-4286-4530-846E-73B0DD1B6EC0}.Release|Any CPU.ActiveCfg = Release|Any CPU
		{DDCF86D9-4286-4530-846E-73B0DD1B6EC0}.Release|Any CPU.Build.0 = Release|Any CPU
	EndGlobalSection
	GlobalSection(SolutionProperties) = preSolution
		HideSolutionNode = FALSE
	EndGlobalSection
	GlobalSection(ExtensibilityGlobals) = postSolution
		SolutionGuid = {3484D62E-124D-48B3-A658-D841EF9C8184}
	EndGlobalSection
EndGlobal
